// !$*UTF8*$!
{
	archiveVersion = 1;
	classes = {
	};
	objectVersion = 46;
	objects = {

/* Begin PBXBuildFile section */
		1B128CD91C5CEB180012E7CC /* SKManMainTableViewController.swift in Sources */ = {isa = PBXBuildFile; fileRef = 1B128CD81C5CEB180012E7CC /* SKManMainTableViewController.swift */; };
		1B128CDB1C5CEB6D0012E7CC /* SKManTableViewCell.swift in Sources */ = {isa = PBXBuildFile; fileRef = 1B128CDA1C5CEB6D0012E7CC /* SKManTableViewCell.swift */; };
		1B128CDD1C5CEBAA0012E7CC /* SKMan.swift in Sources */ = {isa = PBXBuildFile; fileRef = 1B128CDC1C5CEBAA0012E7CC /* SKMan.swift */; };
		1B128CE01C5CF4D50012E7CC /* SKManViewController2.swift in Sources */ = {isa = PBXBuildFile; fileRef = 1B128CDF1C5CF4D50012E7CC /* SKManViewController2.swift */; };
		1B53B67C1C5DE56C00E61750 /* CommentTableViewController.swift in Sources */ = {isa = PBXBuildFile; fileRef = 1B53B67B1C5DE56C00E61750 /* CommentTableViewController.swift */; };
		1B53B67E1C5DE5AA00E61750 /* ManCommentTableViewCell.swift in Sources */ = {isa = PBXBuildFile; fileRef = 1B53B67D1C5DE5AA00E61750 /* ManCommentTableViewCell.swift */; };
		1B53B6801C5DE68800E61750 /* Comment.swift in Sources */ = {isa = PBXBuildFile; fileRef = 1B53B67F1C5DE68800E61750 /* Comment.swift */; };
		1B8757801C5C05E200EB02E7 /* SK2ViewController.swift in Sources */ = {isa = PBXBuildFile; fileRef = 1B87577F1C5C05E200EB02E7 /* SK2ViewController.swift */; };
		1BC874101C5A9BDD000C0BA8 /* AppDelegate.swift in Sources */ = {isa = PBXBuildFile; fileRef = 1BC8740F1C5A9BDD000C0BA8 /* AppDelegate.swift */; };
		1BC874151C5A9BDD000C0BA8 /* Main.storyboard in Resources */ = {isa = PBXBuildFile; fileRef = 1BC874131C5A9BDD000C0BA8 /* Main.storyboard */; };
		1BC8741A1C5A9BDD000C0BA8 /* LaunchScreen.storyboard in Resources */ = {isa = PBXBuildFile; fileRef = 1BC874181C5A9BDD000C0BA8 /* LaunchScreen.storyboard */; };
		1BC874261C5A9F54000C0BA8 /* SKTableViewController.swift in Sources */ = {isa = PBXBuildFile; fileRef = 1BC874251C5A9F54000C0BA8 /* SKTableViewController.swift */; };
		1BC874281C5A9F72000C0BA8 /* SK.swift in Sources */ = {isa = PBXBuildFile; fileRef = 1BC874271C5A9F72000C0BA8 /* SK.swift */; };
		1BC8742A1C5A9F84000C0BA8 /* CustomTableViewCell.swift in Sources */ = {isa = PBXBuildFile; fileRef = 1BC874291C5A9F84000C0BA8 /* CustomTableViewCell.swift */; };
		1BC8742D1C5AA840000C0BA8 /* SKDetailCell.swift in Sources */ = {isa = PBXBuildFile; fileRef = 1BC8742C1C5AA840000C0BA8 /* SKDetailCell.swift */; };
		1BC8742F1C5AA852000C0BA8 /* DetailViewController.swift in Sources */ = {isa = PBXBuildFile; fileRef = 1BC8742E1C5AA852000C0BA8 /* DetailViewController.swift */; };
		1BC874311C5AA86F000C0BA8 /* MapVievController.swift in Sources */ = {isa = PBXBuildFile; fileRef = 1BC874301C5AA86F000C0BA8 /* MapVievController.swift */; };
		5092C0101C5E0800007683E6 /* Images.xcassets in Resources */ = {isa = PBXBuildFile; fileRef = 5092C00F1C5E0800007683E6 /* Images.xcassets */; };
/* End PBXBuildFile section */

/* Begin PBXFileReference section */
		1B128CD81C5CEB180012E7CC /* SKManMainTableViewController.swift */ = {isa = PBXFileReference; fileEncoding = 4; lastKnownFileType = sourcecode.swift; path = SKManMainTableViewController.swift; sourceTree = "<group>"; };
		1B128CDA1C5CEB6D0012E7CC /* SKManTableViewCell.swift */ = {isa = PBXFileReference; fileEncoding = 4; lastKnownFileType = sourcecode.swift; path = SKManTableViewCell.swift; sourceTree = "<group>"; };
		1B128CDC1C5CEBAA0012E7CC /* SKMan.swift */ = {isa = PBXFileReference; fileEncoding = 4; lastKnownFileType = sourcecode.swift; path = SKMan.swift; sourceTree = "<group>"; };
		1B128CDF1C5CF4D50012E7CC /* SKManViewController2.swift */ = {isa = PBXFileReference; fileEncoding = 4; lastKnownFileType = sourcecode.swift; path = SKManViewController2.swift; sourceTree = "<group>"; };
		1B53B67B1C5DE56C00E61750 /* CommentTableViewController.swift */ = {isa = PBXFileReference; fileEncoding = 4; lastKnownFileType = sourcecode.swift; path = CommentTableViewController.swift; sourceTree = "<group>"; };
		1B53B67D1C5DE5AA00E61750 /* ManCommentTableViewCell.swift */ = {isa = PBXFileReference; fileEncoding = 4; lastKnownFileType = sourcecode.swift; path = ManCommentTableViewCell.swift; sourceTree = "<group>"; };
		1B53B67F1C5DE68800E61750 /* Comment.swift */ = {isa = PBXFileReference; fileEncoding = 4; lastKnownFileType = sourcecode.swift; path = Comment.swift; sourceTree = "<group>"; };
		1B87577F1C5C05E200EB02E7 /* SK2ViewController.swift */ = {isa = PBXFileReference; fileEncoding = 4; lastKnownFileType = sourcecode.swift; path = SK2ViewController.swift; sourceTree = "<group>"; };
		1BC8740C1C5A9BDD000C0BA8 /* BeautyGuide.app */ = {isa = PBXFileReference; explicitFileType = wrapper.application; includeInIndex = 0; path = BeautyGuide.app; sourceTree = BUILT_PRODUCTS_DIR; };
		1BC8740F1C5A9BDD000C0BA8 /* AppDelegate.swift */ = {isa = PBXFileReference; lastKnownFileType = sourcecode.swift; path = AppDelegate.swift; sourceTree = "<group>"; };
		1BC874141C5A9BDD000C0BA8 /* Base */ = {isa = PBXFileReference; lastKnownFileType = file.storyboard; name = Base; path = Base.lproj/Main.storyboard; sourceTree = "<group>"; };
		1BC874191C5A9BDD000C0BA8 /* Base */ = {isa = PBXFileReference; lastKnownFileType = file.storyboard; name = Base; path = Base.lproj/LaunchScreen.storyboard; sourceTree = "<group>"; };
		1BC8741B1C5A9BDD000C0BA8 /* Info.plist */ = {isa = PBXFileReference; lastKnownFileType = text.plist.xml; path = Info.plist; sourceTree = "<group>"; };
		1BC874251C5A9F54000C0BA8 /* SKTableViewController.swift */ = {isa = PBXFileReference; fileEncoding = 4; lastKnownFileType = sourcecode.swift; path = SKTableViewController.swift; sourceTree = "<group>"; };
		1BC874271C5A9F72000C0BA8 /* SK.swift */ = {isa = PBXFileReference; fileEncoding = 4; lastKnownFileType = sourcecode.swift; path = SK.swift; sourceTree = "<group>"; };
		1BC874291C5A9F84000C0BA8 /* CustomTableViewCell.swift */ = {isa = PBXFileReference; fileEncoding = 4; lastKnownFileType = sourcecode.swift; path = CustomTableViewCell.swift; sourceTree = "<group>"; };
		1BC8742C1C5AA840000C0BA8 /* SKDetailCell.swift */ = {isa = PBXFileReference; fileEncoding = 4; lastKnownFileType = sourcecode.swift; path = SKDetailCell.swift; sourceTree = "<group>"; };
		1BC8742E1C5AA852000C0BA8 /* DetailViewController.swift */ = {isa = PBXFileReference; fileEncoding = 4; lastKnownFileType = sourcecode.swift; path = DetailViewController.swift; sourceTree = "<group>"; };
		1BC874301C5AA86F000C0BA8 /* MapVievController.swift */ = {isa = PBXFileReference; fileEncoding = 4; lastKnownFileType = sourcecode.swift; path = MapVievController.swift; sourceTree = "<group>"; };
		5092C00F1C5E0800007683E6 /* Images.xcassets */ = {isa = PBXFileReference; lastKnownFileType = folder.assetcatalog; path = Images.xcassets; sourceTree = "<group>"; };
/* End PBXFileReference section */

/* Begin PBXFrameworksBuildPhase section */
		1BC874091C5A9BDD000C0BA8 /* Frameworks */ = {
			isa = PBXFrameworksBuildPhase;
			buildActionMask = 2147483647;
			files = (
			);
			runOnlyForDeploymentPostprocessing = 0;
		};
/* End PBXFrameworksBuildPhase section */

/* Begin PBXGroup section */
		1B128CD71C5CEAFB0012E7CC /* SKManTable */ = {
			isa = PBXGroup;
			children = (
				1B128CDE1C5CF4B50012E7CC /* SKManVC2 */,
				1B128CD81C5CEB180012E7CC /* SKManMainTableViewController.swift */,
				1B128CDC1C5CEBAA0012E7CC /* SKMan.swift */,
				1B128CDA1C5CEB6D0012E7CC /* SKManTableViewCell.swift */,
			);
			name = SKManTable;
			sourceTree = "<group>";
		};
		1B128CDE1C5CF4B50012E7CC /* SKManVC2 */ = {
			isa = PBXGroup;
			children = (
				1B128CDF1C5CF4D50012E7CC /* SKManViewController2.swift */,
			);
			name = SKManVC2;
			sourceTree = "<group>";
		};
		1B53B67A1C5DE54B00E61750 /* commentTable */ = {
			isa = PBXGroup;
			children = (
				1B53B67B1C5DE56C00E61750 /* CommentTableViewController.swift */,
				1B53B67D1C5DE5AA00E61750 /* ManCommentTableViewCell.swift */,
				1B53B67F1C5DE68800E61750 /* Comment.swift */,
			);
			name = commentTable;
			sourceTree = "<group>";
		};
		1B87577E1C5C05C400EB02E7 /* SKVC2 */ = {
			isa = PBXGroup;
			children = (
				1B87577F1C5C05E200EB02E7 /* SK2ViewController.swift */,
			);
			name = SKVC2;
			sourceTree = "<group>";
		};
		1BC874031C5A9BDD000C0BA8 = {
			isa = PBXGroup;
			children = (
				1BC8740E1C5A9BDD000C0BA8 /* SalonKrasoty05 */,
				1BC8740D1C5A9BDD000C0BA8 /* Products */,
			);
			sourceTree = "<group>";
		};
		1BC8740D1C5A9BDD000C0BA8 /* Products */ = {
			isa = PBXGroup;
			children = (
				1BC8740C1C5A9BDD000C0BA8 /* BeautyGuide.app */,
			);
			name = Products;
			sourceTree = "<group>";
		};
		1BC8740E1C5A9BDD000C0BA8 /* SalonKrasoty05 */ = {
			isa = PBXGroup;
			children = (
				1B53B67A1C5DE54B00E61750 /* commentTable */,
				1BC874131C5A9BDD000C0BA8 /* Main.storyboard */,
				1BC8742B1C5AA7E1000C0BA8 /* SKWomanTable */,
				1B128CD71C5CEAFB0012E7CC /* SKManTable */,
				1BC874331C5AB800000C0BA8 /* SKMap */,
				1BC8740F1C5A9BDD000C0BA8 /* AppDelegate.swift */,
				1BC874321C5AB5B2000C0BA8 /* SKDetailVC */,
				1BC874181C5A9BDD000C0BA8 /* LaunchScreen.storyboard */,
				1BC8741B1C5A9BDD000C0BA8 /* Info.plist */,
				5092C00F1C5E0800007683E6 /* Images.xcassets */,
			);
			path = SalonKrasoty05;
			sourceTree = "<group>";
		};
		1BC8742B1C5AA7E1000C0BA8 /* SKWomanTable */ = {
			isa = PBXGroup;
			children = (
				1B87577E1C5C05C400EB02E7 /* SKVC2 */,
				1BC874251C5A9F54000C0BA8 /* SKTableViewController.swift */,
				1BC874271C5A9F72000C0BA8 /* SK.swift */,
				1BC874291C5A9F84000C0BA8 /* CustomTableViewCell.swift */,
			);
			name = SKWomanTable;
			sourceTree = "<group>";
		};
		1BC874321C5AB5B2000C0BA8 /* SKDetailVC */ = {
			isa = PBXGroup;
			children = (
				1BC8742C1C5AA840000C0BA8 /* SKDetailCell.swift */,
				1BC8742E1C5AA852000C0BA8 /* DetailViewController.swift */,
			);
			name = SKDetailVC;
			sourceTree = "<group>";
		};
		1BC874331C5AB800000C0BA8 /* SKMap */ = {
			isa = PBXGroup;
			children = (
				1BC874301C5AA86F000C0BA8 /* MapVievController.swift */,
			);
			name = SKMap;
			sourceTree = "<group>";
		};
/* End PBXGroup section */

/* Begin PBXNativeTarget section */
		1BC8740B1C5A9BDD000C0BA8 /* BeautyGuide */ = {
			isa = PBXNativeTarget;
			buildConfigurationList = 1BC8741E1C5A9BDD000C0BA8 /* Build configuration list for PBXNativeTarget "BeautyGuide" */;
			buildPhases = (
				1BC874081C5A9BDD000C0BA8 /* Sources */,
				1BC874091C5A9BDD000C0BA8 /* Frameworks */,
				1BC8740A1C5A9BDD000C0BA8 /* Resources */,
			);
			buildRules = (
			);
			dependencies = (
			);
			name = BeautyGuide;
			productName = SalonKrasoty05;
			productReference = 1BC8740C1C5A9BDD000C0BA8 /* BeautyGuide.app */;
			productType = "com.apple.product-type.application";
		};
/* End PBXNativeTarget section */

/* Begin PBXProject section */
		1BC874041C5A9BDD000C0BA8 /* Project object */ = {
			isa = PBXProject;
			attributes = {
				LastSwiftUpdateCheck = 0720;
				LastUpgradeCheck = 0720;
				ORGANIZATIONNAME = Muaviya;
				TargetAttributes = {
					1BC8740B1C5A9BDD000C0BA8 = {
						CreatedOnToolsVersion = 7.2;
					};
				};
			};
			buildConfigurationList = 1BC874071C5A9BDD000C0BA8 /* Build configuration list for PBXProject "BeautyGuide" */;
			compatibilityVersion = "Xcode 3.2";
			developmentRegion = English;
			hasScannedForEncodings = 0;
			knownRegions = (
				en,
				Base,
			);
			mainGroup = 1BC874031C5A9BDD000C0BA8;
			productRefGroup = 1BC8740D1C5A9BDD000C0BA8 /* Products */;
			projectDirPath = "";
			projectRoot = "";
			targets = (
				1BC8740B1C5A9BDD000C0BA8 /* BeautyGuide */,
			);
		};
/* End PBXProject section */

/* Begin PBXResourcesBuildPhase section */
		1BC8740A1C5A9BDD000C0BA8 /* Resources */ = {
			isa = PBXResourcesBuildPhase;
			buildActionMask = 2147483647;
			files = (
				5092C0101C5E0800007683E6 /* Images.xcassets in Resources */,
				1BC8741A1C5A9BDD000C0BA8 /* LaunchScreen.storyboard in Resources */,
				1BC874151C5A9BDD000C0BA8 /* Main.storyboard in Resources */,
			);
			runOnlyForDeploymentPostprocessing = 0;
		};
/* End PBXResourcesBuildPhase section */

/* Begin PBXSourcesBuildPhase section */
		1BC874081C5A9BDD000C0BA8 /* Sources */ = {
			isa = PBXSourcesBuildPhase;
			buildActionMask = 2147483647;
			files = (
				1BC874261C5A9F54000C0BA8 /* SKTableViewController.swift in Sources */,
				1B8757801C5C05E200EB02E7 /* SK2ViewController.swift in Sources */,
				1B128CDB1C5CEB6D0012E7CC /* SKManTableViewCell.swift in Sources */,
				1BC874101C5A9BDD000C0BA8 /* AppDelegate.swift in Sources */,
				1B53B67C1C5DE56C00E61750 /* CommentTableViewController.swift in Sources */,
				1BC874311C5AA86F000C0BA8 /* MapVievController.swift in Sources */,
				1BC8742D1C5AA840000C0BA8 /* SKDetailCell.swift in Sources */,
				1BC8742F1C5AA852000C0BA8 /* DetailViewController.swift in Sources */,
				1B53B67E1C5DE5AA00E61750 /* ManCommentTableViewCell.swift in Sources */,
				1BC8742A1C5A9F84000C0BA8 /* CustomTableViewCell.swift in Sources */,
				1B53B6801C5DE68800E61750 /* Comment.swift in Sources */,
				1B128CE01C5CF4D50012E7CC /* SKManViewController2.swift in Sources */,
				1BC874281C5A9F72000C0BA8 /* SK.swift in Sources */,
				1B128CD91C5CEB180012E7CC /* SKManMainTableViewController.swift in Sources */,
				1B128CDD1C5CEBAA0012E7CC /* SKMan.swift in Sources */,
			);
			runOnlyForDeploymentPostprocessing = 0;
		};
/* End PBXSourcesBuildPhase section */

/* Begin PBXVariantGroup section */
		1BC874131C5A9BDD000C0BA8 /* Main.storyboard */ = {
			isa = PBXVariantGroup;
			children = (
				1BC874141C5A9BDD000C0BA8 /* Base */,
			);
			name = Main.storyboard;
			sourceTree = "<group>";
		};
		1BC874181C5A9BDD000C0BA8 /* LaunchScreen.storyboard */ = {
			isa = PBXVariantGroup;
			children = (
				1BC874191C5A9BDD000C0BA8 /* Base */,
			);
			name = LaunchScreen.storyboard;
			sourceTree = "<group>";
		};
/* End PBXVariantGroup section */

/* Begin XCBuildConfiguration section */
		1BC8741C1C5A9BDD000C0BA8 /* Debug */ = {
			isa = XCBuildConfiguration;
			buildSettings = {
				ALWAYS_SEARCH_USER_PATHS = NO;
				CLANG_CXX_LANGUAGE_STANDARD = "gnu++0x";
				CLANG_CXX_LIBRARY = "libc++";
				CLANG_ENABLE_MODULES = YES;
				CLANG_ENABLE_OBJC_ARC = YES;
				CLANG_WARN_BOOL_CONVERSION = YES;
				CLANG_WARN_CONSTANT_CONVERSION = YES;
				CLANG_WARN_DIRECT_OBJC_ISA_USAGE = YES_ERROR;
				CLANG_WARN_EMPTY_BODY = YES;
				CLANG_WARN_ENUM_CONVERSION = YES;
				CLANG_WARN_INT_CONVERSION = YES;
				CLANG_WARN_OBJC_ROOT_CLASS = YES_ERROR;
				CLANG_WARN_UNREACHABLE_CODE = YES;
				CLANG_WARN__DUPLICATE_METHOD_MATCH = YES;
				"CODE_SIGN_IDENTITY[sdk=iphoneos*]" = "iPhone Developer";
				COPY_PHASE_STRIP = NO;
				DEBUG_INFORMATION_FORMAT = dwarf;
				ENABLE_STRICT_OBJC_MSGSEND = YES;
				ENABLE_TESTABILITY = YES;
				GCC_C_LANGUAGE_STANDARD = gnu99;
				GCC_DYNAMIC_NO_PIC = NO;
				GCC_NO_COMMON_BLOCKS = YES;
				GCC_OPTIMIZATION_LEVEL = 0;
				GCC_PREPROCESSOR_DEFINITIONS = (
					"DEBUG=1",
					"$(inherited)",
				);
				GCC_WARN_64_TO_32_BIT_CONVERSION = YES;
				GCC_WARN_ABOUT_RETURN_TYPE = YES_ERROR;
				GCC_WARN_UNDECLARED_SELECTOR = YES;
				GCC_WARN_UNINITIALIZED_AUTOS = YES_AGGRESSIVE;
				GCC_WARN_UNUSED_FUNCTION = YES;
				GCC_WARN_UNUSED_VARIABLE = YES;
				IPHONEOS_DEPLOYMENT_TARGET = 9.2;
				MTL_ENABLE_DEBUG_INFO = YES;
				ONLY_ACTIVE_ARCH = YES;
				SDKROOT = iphoneos;
				SWIFT_OPTIMIZATION_LEVEL = "-Onone";
			};
			name = Debug;
		};
		1BC8741D1C5A9BDD000C0BA8 /* Release */ = {
			isa = XCBuildConfiguration;
			buildSettings = {
				ALWAYS_SEARCH_USER_PATHS = NO;
				CLANG_CXX_LANGUAGE_STANDARD = "gnu++0x";
				CLANG_CXX_LIBRARY = "libc++";
				CLANG_ENABLE_MODULES = YES;
				CLANG_ENABLE_OBJC_ARC = YES;
				CLANG_WARN_BOOL_CONVERSION = YES;
				CLANG_WARN_CONSTANT_CONVERSION = YES;
				CLANG_WARN_DIRECT_OBJC_ISA_USAGE = YES_ERROR;
				CLANG_WARN_EMPTY_BODY = YES;
				CLANG_WARN_ENUM_CONVERSION = YES;
				CLANG_WARN_INT_CONVERSION = YES;
				CLANG_WARN_OBJC_ROOT_CLASS = YES_ERROR;
				CLANG_WARN_UNREACHABLE_CODE = YES;
				CLANG_WARN__DUPLICATE_METHOD_MATCH = YES;
				"CODE_SIGN_IDENTITY[sdk=iphoneos*]" = "iPhone Developer";
				COPY_PHASE_STRIP = NO;
				DEBUG_INFORMATION_FORMAT = "dwarf-with-dsym";
				ENABLE_NS_ASSERTIONS = NO;
				ENABLE_STRICT_OBJC_MSGSEND = YES;
				GCC_C_LANGUAGE_STANDARD = gnu99;
				GCC_NO_COMMON_BLOCKS = YES;
				GCC_WARN_64_TO_32_BIT_CONVERSION = YES;
				GCC_WARN_ABOUT_RETURN_TYPE = YES_ERROR;
				GCC_WARN_UNDECLARED_SELECTOR = YES;
				GCC_WARN_UNINITIALIZED_AUTOS = YES_AGGRESSIVE;
				GCC_WARN_UNUSED_FUNCTION = YES;
				GCC_WARN_UNUSED_VARIABLE = YES;
				IPHONEOS_DEPLOYMENT_TARGET = 9.2;
				MTL_ENABLE_DEBUG_INFO = NO;
				SDKROOT = iphoneos;
				VALIDATE_PRODUCT = YES;
			};
			name = Release;
		};
		1BC8741F1C5A9BDD000C0BA8 /* Debug */ = {
			isa = XCBuildConfiguration;
			buildSettings = {
				ASSETCATALOG_COMPILER_APPICON_NAME = AppIcon;
				ASSETCATALOG_COMPILER_LAUNCHIMAGE_NAME = "Brand Assets";
				INFOPLIST_FILE = SalonKrasoty05/Info.plist;
				LD_RUNPATH_SEARCH_PATHS = "$(inherited) @executable_path/Frameworks";
				PRODUCT_BUNDLE_IDENTIFIER = "-.SalonKrasoty05";
				PRODUCT_NAME = BeautyGuide;
			};
			name = Debug;
		};
		1BC874201C5A9BDD000C0BA8 /* Release */ = {
			isa = XCBuildConfiguration;
			buildSettings = {
				ASSETCATALOG_COMPILER_APPICON_NAME = AppIcon;
				ASSETCATALOG_COMPILER_LAUNCHIMAGE_NAME = "Brand Assets";
				INFOPLIST_FILE = SalonKrasoty05/Info.plist;
				LD_RUNPATH_SEARCH_PATHS = "$(inherited) @executable_path/Frameworks";
				PRODUCT_BUNDLE_IDENTIFIER = "-.SalonKrasoty05";
				PRODUCT_NAME = BeautyGuide;
			};
			name = Release;
		};
/* End XCBuildConfiguration section */

/* Begin XCConfigurationList section */
		1BC874071C5A9BDD000C0BA8 /* Build configuration list for PBXProject "BeautyGuide" */ = {
			isa = XCConfigurationList;
			buildConfigurations = (
				1BC8741C1C5A9BDD000C0BA8 /* Debug */,
				1BC8741D1C5A9BDD000C0BA8 /* Release */,
			);
			defaultConfigurationIsVisible = 0;
			defaultConfigurationName = Release;
		};
		1BC8741E1C5A9BDD000C0BA8 /* Build configuration list for PBXNativeTarget "BeautyGuide" */ = {
			isa = XCConfigurationList;
			buildConfigurations = (
				1BC8741F1C5A9BDD000C0BA8 /* Debug */,
				1BC874201C5A9BDD000C0BA8 /* Release */,
			);
			defaultConfigurationIsVisible = 0;
			defaultConfigurationName = Release;
		};
/* End XCConfigurationList section */
	};
	rootObject = 1BC874041C5A9BDD000C0BA8 /* Project object */;
}
